// !$*UTF8*$!
{
	archiveVersion = 1;
	classes = {
	};
	objectVersion = 50;
	objects = {

/* Begin PBXBuildFile section */
		1258D43E262FAF4B00E251A7 /* AppDelegate.swift in Sources */ = {isa = PBXBuildFile; fileRef = 1258D43D262FAF4B00E251A7 /* AppDelegate.swift */; };
		1258D440262FAF4B00E251A7 /* SceneDelegate.swift in Sources */ = {isa = PBXBuildFile; fileRef = 1258D43F262FAF4B00E251A7 /* SceneDelegate.swift */; };
		1258D442262FAF4B00E251A7 /* ViewController.swift in Sources */ = {isa = PBXBuildFile; fileRef = 1258D441262FAF4B00E251A7 /* ViewController.swift */; };
		1258D445262FAF4B00E251A7 /* Main.storyboard in Resources */ = {isa = PBXBuildFile; fileRef = 1258D443262FAF4B00E251A7 /* Main.storyboard */; };
		1258D447262FAF4C00E251A7 /* Assets.xcassets in Resources */ = {isa = PBXBuildFile; fileRef = 1258D446262FAF4C00E251A7 /* Assets.xcassets */; };
		1258D44A262FAF4C00E251A7 /* LaunchScreen.storyboard in Resources */ = {isa = PBXBuildFile; fileRef = 1258D448262FAF4C00E251A7 /* LaunchScreen.storyboard */; };
		1258D459262FD12100E251A7 /* AppDelegate.swift in Sources */ = {isa = PBXBuildFile; fileRef = 1258D458262FD12100E251A7 /* AppDelegate.swift */; };
		1258D45B262FD12100E251A7 /* SceneDelegate.swift in Sources */ = {isa = PBXBuildFile; fileRef = 1258D45A262FD12100E251A7 /* SceneDelegate.swift */; };
		1258D45D262FD12100E251A7 /* ViewController.swift in Sources */ = {isa = PBXBuildFile; fileRef = 1258D45C262FD12100E251A7 /* ViewController.swift */; };
		1258D460262FD12100E251A7 /* Main.storyboard in Resources */ = {isa = PBXBuildFile; fileRef = 1258D45E262FD12100E251A7 /* Main.storyboard */; };
		1258D462262FD12200E251A7 /* Assets.xcassets in Resources */ = {isa = PBXBuildFile; fileRef = 1258D461262FD12200E251A7 /* Assets.xcassets */; };
		1258D465262FD12200E251A7 /* LaunchScreen.storyboard in Resources */ = {isa = PBXBuildFile; fileRef = 1258D463262FD12200E251A7 /* LaunchScreen.storyboard */; };
		129130202630163300AB8A3C /* AppDelegate.swift in Sources */ = {isa = PBXBuildFile; fileRef = 1291301F2630163300AB8A3C /* AppDelegate.swift */; };
		129130222630163300AB8A3C /* SceneDelegate.swift in Sources */ = {isa = PBXBuildFile; fileRef = 129130212630163300AB8A3C /* SceneDelegate.swift */; };
		129130242630163300AB8A3C /* ViewController.swift in Sources */ = {isa = PBXBuildFile; fileRef = 129130232630163300AB8A3C /* ViewController.swift */; };
		129130272630163300AB8A3C /* Main.storyboard in Resources */ = {isa = PBXBuildFile; fileRef = 129130252630163300AB8A3C /* Main.storyboard */; };
		129130292630163500AB8A3C /* Assets.xcassets in Resources */ = {isa = PBXBuildFile; fileRef = 129130282630163500AB8A3C /* Assets.xcassets */; };
		1291302C2630163500AB8A3C /* LaunchScreen.storyboard in Resources */ = {isa = PBXBuildFile; fileRef = 1291302A2630163500AB8A3C /* LaunchScreen.storyboard */; };
		12BD186A263100CD00DEA1CB /* AppDelegate.swift in Sources */ = {isa = PBXBuildFile; fileRef = 12BD1869263100CD00DEA1CB /* AppDelegate.swift */; };
		12BD186C263100CD00DEA1CB /* SceneDelegate.swift in Sources */ = {isa = PBXBuildFile; fileRef = 12BD186B263100CD00DEA1CB /* SceneDelegate.swift */; };
		12BD186E263100CD00DEA1CB /* ViewController.swift in Sources */ = {isa = PBXBuildFile; fileRef = 12BD186D263100CD00DEA1CB /* ViewController.swift */; };
		12BD1871263100CD00DEA1CB /* Main.storyboard in Resources */ = {isa = PBXBuildFile; fileRef = 12BD186F263100CD00DEA1CB /* Main.storyboard */; };
		12BD1873263100CE00DEA1CB /* Assets.xcassets in Resources */ = {isa = PBXBuildFile; fileRef = 12BD1872263100CE00DEA1CB /* Assets.xcassets */; };
		12BD1876263100CE00DEA1CB /* LaunchScreen.storyboard in Resources */ = {isa = PBXBuildFile; fileRef = 12BD1874263100CE00DEA1CB /* LaunchScreen.storyboard */; };
		12BD1886263111F200DEA1CB /* AppDelegate.swift in Sources */ = {isa = PBXBuildFile; fileRef = 12BD1885263111F200DEA1CB /* AppDelegate.swift */; };
		12BD1888263111F200DEA1CB /* SceneDelegate.swift in Sources */ = {isa = PBXBuildFile; fileRef = 12BD1887263111F200DEA1CB /* SceneDelegate.swift */; };
		12BD188A263111F200DEA1CB /* ViewController.swift in Sources */ = {isa = PBXBuildFile; fileRef = 12BD1889263111F200DEA1CB /* ViewController.swift */; };
		12BD188D263111F200DEA1CB /* Main.storyboard in Resources */ = {isa = PBXBuildFile; fileRef = 12BD188B263111F200DEA1CB /* Main.storyboard */; };
		12BD188F263111F300DEA1CB /* Assets.xcassets in Resources */ = {isa = PBXBuildFile; fileRef = 12BD188E263111F300DEA1CB /* Assets.xcassets */; };
		12BD1892263111F300DEA1CB /* LaunchScreen.storyboard in Resources */ = {isa = PBXBuildFile; fileRef = 12BD1890263111F300DEA1CB /* LaunchScreen.storyboard */; };
		12BD18A326311F0E00DEA1CB /* AppDelegate.swift in Sources */ = {isa = PBXBuildFile; fileRef = 12BD18A226311F0E00DEA1CB /* AppDelegate.swift */; };
		12BD18A526311F0E00DEA1CB /* SceneDelegate.swift in Sources */ = {isa = PBXBuildFile; fileRef = 12BD18A426311F0E00DEA1CB /* SceneDelegate.swift */; };
		12BD18A726311F0E00DEA1CB /* ViewController.swift in Sources */ = {isa = PBXBuildFile; fileRef = 12BD18A626311F0E00DEA1CB /* ViewController.swift */; };
		12BD18AA26311F0E00DEA1CB /* Main.storyboard in Resources */ = {isa = PBXBuildFile; fileRef = 12BD18A826311F0E00DEA1CB /* Main.storyboard */; };
		12BD18AC26311F0F00DEA1CB /* Assets.xcassets in Resources */ = {isa = PBXBuildFile; fileRef = 12BD18AB26311F0F00DEA1CB /* Assets.xcassets */; };
		12BD18AF26311F0F00DEA1CB /* LaunchScreen.storyboard in Resources */ = {isa = PBXBuildFile; fileRef = 12BD18AD26311F0F00DEA1CB /* LaunchScreen.storyboard */; };
		12BD18C126312C9800DEA1CB /* AppDelegate.swift in Sources */ = {isa = PBXBuildFile; fileRef = 12BD18C026312C9800DEA1CB /* AppDelegate.swift */; };
		12BD18C326312C9800DEA1CB /* SceneDelegate.swift in Sources */ = {isa = PBXBuildFile; fileRef = 12BD18C226312C9800DEA1CB /* SceneDelegate.swift */; };
		12BD18C526312C9800DEA1CB /* ViewController.swift in Sources */ = {isa = PBXBuildFile; fileRef = 12BD18C426312C9800DEA1CB /* ViewController.swift */; };
		12BD18C826312C9800DEA1CB /* Main.storyboard in Resources */ = {isa = PBXBuildFile; fileRef = 12BD18C626312C9800DEA1CB /* Main.storyboard */; };
		12BD18CA26312C9900DEA1CB /* Assets.xcassets in Resources */ = {isa = PBXBuildFile; fileRef = 12BD18C926312C9900DEA1CB /* Assets.xcassets */; };
		12BD18CD26312C9900DEA1CB /* LaunchScreen.storyboard in Resources */ = {isa = PBXBuildFile; fileRef = 12BD18CB26312C9900DEA1CB /* LaunchScreen.storyboard */; };
		12BD18E02631537300DEA1CB /* AppDelegate.swift in Sources */ = {isa = PBXBuildFile; fileRef = 12BD18DF2631537300DEA1CB /* AppDelegate.swift */; };
		12BD18E22631537300DEA1CB /* SceneDelegate.swift in Sources */ = {isa = PBXBuildFile; fileRef = 12BD18E12631537300DEA1CB /* SceneDelegate.swift */; };
		12BD18E42631537300DEA1CB /* ViewController.swift in Sources */ = {isa = PBXBuildFile; fileRef = 12BD18E32631537300DEA1CB /* ViewController.swift */; };
		12BD18E72631537300DEA1CB /* Main.storyboard in Resources */ = {isa = PBXBuildFile; fileRef = 12BD18E52631537300DEA1CB /* Main.storyboard */; };
		12BD18E92631537400DEA1CB /* Assets.xcassets in Resources */ = {isa = PBXBuildFile; fileRef = 12BD18E82631537400DEA1CB /* Assets.xcassets */; };
		12BD18EC2631537400DEA1CB /* LaunchScreen.storyboard in Resources */ = {isa = PBXBuildFile; fileRef = 12BD18EA2631537400DEA1CB /* LaunchScreen.storyboard */; };
/* End PBXBuildFile section */

/* Begin PBXFileReference section */
		1258D43A262FAF4B00E251A7 /* iOSProject.app */ = {isa = PBXFileReference; explicitFileType = wrapper.application; includeInIndex = 0; path = iOSProject.app; sourceTree = BUILT_PRODUCTS_DIR; };
		1258D43D262FAF4B00E251A7 /* AppDelegate.swift */ = {isa = PBXFileReference; lastKnownFileType = sourcecode.swift; path = AppDelegate.swift; sourceTree = "<group>"; };
		1258D43F262FAF4B00E251A7 /* SceneDelegate.swift */ = {isa = PBXFileReference; lastKnownFileType = sourcecode.swift; path = SceneDelegate.swift; sourceTree = "<group>"; };
		1258D441262FAF4B00E251A7 /* ViewController.swift */ = {isa = PBXFileReference; lastKnownFileType = sourcecode.swift; path = ViewController.swift; sourceTree = "<group>"; };
		1258D444262FAF4B00E251A7 /* Base */ = {isa = PBXFileReference; lastKnownFileType = file.storyboard; name = Base; path = Base.lproj/Main.storyboard; sourceTree = "<group>"; };
		1258D446262FAF4C00E251A7 /* Assets.xcassets */ = {isa = PBXFileReference; lastKnownFileType = folder.assetcatalog; path = Assets.xcassets; sourceTree = "<group>"; };
		1258D449262FAF4C00E251A7 /* Base */ = {isa = PBXFileReference; lastKnownFileType = file.storyboard; name = Base; path = Base.lproj/LaunchScreen.storyboard; sourceTree = "<group>"; };
		1258D44B262FAF4C00E251A7 /* Info.plist */ = {isa = PBXFileReference; lastKnownFileType = text.plist.xml; path = Info.plist; sourceTree = "<group>"; };
		1258D456262FD12100E251A7 /* controltest.app */ = {isa = PBXFileReference; explicitFileType = wrapper.application; includeInIndex = 0; path = controltest.app; sourceTree = BUILT_PRODUCTS_DIR; };
		1258D458262FD12100E251A7 /* AppDelegate.swift */ = {isa = PBXFileReference; lastKnownFileType = sourcecode.swift; path = AppDelegate.swift; sourceTree = "<group>"; };
		1258D45A262FD12100E251A7 /* SceneDelegate.swift */ = {isa = PBXFileReference; lastKnownFileType = sourcecode.swift; path = SceneDelegate.swift; sourceTree = "<group>"; };
		1258D45C262FD12100E251A7 /* ViewController.swift */ = {isa = PBXFileReference; lastKnownFileType = sourcecode.swift; path = ViewController.swift; sourceTree = "<group>"; };
		1258D45F262FD12100E251A7 /* Base */ = {isa = PBXFileReference; lastKnownFileType = file.storyboard; name = Base; path = Base.lproj/Main.storyboard; sourceTree = "<group>"; };
		1258D461262FD12200E251A7 /* Assets.xcassets */ = {isa = PBXFileReference; lastKnownFileType = folder.assetcatalog; path = Assets.xcassets; sourceTree = "<group>"; };
		1258D464262FD12200E251A7 /* Base */ = {isa = PBXFileReference; lastKnownFileType = file.storyboard; name = Base; path = Base.lproj/LaunchScreen.storyboard; sourceTree = "<group>"; };
		1258D466262FD12200E251A7 /* Info.plist */ = {isa = PBXFileReference; lastKnownFileType = text.plist.xml; path = Info.plist; sourceTree = "<group>"; };
		1291301D2630163300AB8A3C /* ImageViewAnimation.app */ = {isa = PBXFileReference; explicitFileType = wrapper.application; includeInIndex = 0; path = ImageViewAnimation.app; sourceTree = BUILT_PRODUCTS_DIR; };
		1291301F2630163300AB8A3C /* AppDelegate.swift */ = {isa = PBXFileReference; lastKnownFileType = sourcecode.swift; path = AppDelegate.swift; sourceTree = "<group>"; };
		129130212630163300AB8A3C /* SceneDelegate.swift */ = {isa = PBXFileReference; lastKnownFileType = sourcecode.swift; path = SceneDelegate.swift; sourceTree = "<group>"; };
		129130232630163300AB8A3C /* ViewController.swift */ = {isa = PBXFileReference; lastKnownFileType = sourcecode.swift; path = ViewController.swift; sourceTree = "<group>"; };
		129130262630163300AB8A3C /* Base */ = {isa = PBXFileReference; lastKnownFileType = file.storyboard; name = Base; path = Base.lproj/Main.storyboard; sourceTree = "<group>"; };
		129130282630163500AB8A3C /* Assets.xcassets */ = {isa = PBXFileReference; lastKnownFileType = folder.assetcatalog; path = Assets.xcassets; sourceTree = "<group>"; };
		1291302B2630163500AB8A3C /* Base */ = {isa = PBXFileReference; lastKnownFileType = file.storyboard; name = Base; path = Base.lproj/LaunchScreen.storyboard; sourceTree = "<group>"; };
		1291302D2630163500AB8A3C /* Info.plist */ = {isa = PBXFileReference; lastKnownFileType = text.plist.xml; path = Info.plist; sourceTree = "<group>"; };
		12BD1867263100CD00DEA1CB /* gesture.app */ = {isa = PBXFileReference; explicitFileType = wrapper.application; includeInIndex = 0; path = gesture.app; sourceTree = BUILT_PRODUCTS_DIR; };
		12BD1869263100CD00DEA1CB /* AppDelegate.swift */ = {isa = PBXFileReference; lastKnownFileType = sourcecode.swift; path = AppDelegate.swift; sourceTree = "<group>"; };
		12BD186B263100CD00DEA1CB /* SceneDelegate.swift */ = {isa = PBXFileReference; lastKnownFileType = sourcecode.swift; path = SceneDelegate.swift; sourceTree = "<group>"; };
		12BD186D263100CD00DEA1CB /* ViewController.swift */ = {isa = PBXFileReference; lastKnownFileType = sourcecode.swift; path = ViewController.swift; sourceTree = "<group>"; };
		12BD1870263100CD00DEA1CB /* Base */ = {isa = PBXFileReference; lastKnownFileType = file.storyboard; name = Base; path = Base.lproj/Main.storyboard; sourceTree = "<group>"; };
		12BD1872263100CE00DEA1CB /* Assets.xcassets */ = {isa = PBXFileReference; lastKnownFileType = folder.assetcatalog; path = Assets.xcassets; sourceTree = "<group>"; };
		12BD1875263100CE00DEA1CB /* Base */ = {isa = PBXFileReference; lastKnownFileType = file.storyboard; name = Base; path = Base.lproj/LaunchScreen.storyboard; sourceTree = "<group>"; };
		12BD1877263100CE00DEA1CB /* Info.plist */ = {isa = PBXFileReference; lastKnownFileType = text.plist.xml; path = Info.plist; sourceTree = "<group>"; };
		12BD1883263111F200DEA1CB /* scrollviewuse.app */ = {isa = PBXFileReference; explicitFileType = wrapper.application; includeInIndex = 0; path = scrollviewuse.app; sourceTree = BUILT_PRODUCTS_DIR; };
		12BD1885263111F200DEA1CB /* AppDelegate.swift */ = {isa = PBXFileReference; lastKnownFileType = sourcecode.swift; path = AppDelegate.swift; sourceTree = "<group>"; };
		12BD1887263111F200DEA1CB /* SceneDelegate.swift */ = {isa = PBXFileReference; lastKnownFileType = sourcecode.swift; path = SceneDelegate.swift; sourceTree = "<group>"; };
		12BD1889263111F200DEA1CB /* ViewController.swift */ = {isa = PBXFileReference; lastKnownFileType = sourcecode.swift; path = ViewController.swift; sourceTree = "<group>"; };
		12BD188C263111F200DEA1CB /* Base */ = {isa = PBXFileReference; lastKnownFileType = file.storyboard; name = Base; path = Base.lproj/Main.storyboard; sourceTree = "<group>"; };
		12BD188E263111F300DEA1CB /* Assets.xcassets */ = {isa = PBXFileReference; lastKnownFileType = folder.assetcatalog; path = Assets.xcassets; sourceTree = "<group>"; };
		12BD1891263111F300DEA1CB /* Base */ = {isa = PBXFileReference; lastKnownFileType = file.storyboard; name = Base; path = Base.lproj/LaunchScreen.storyboard; sourceTree = "<group>"; };
		12BD1893263111F300DEA1CB /* Info.plist */ = {isa = PBXFileReference; lastKnownFileType = text.plist.xml; path = Info.plist; sourceTree = "<group>"; };
		12BD18A026311F0E00DEA1CB /* imageSwipe.app */ = {isa = PBXFileReference; explicitFileType = wrapper.application; includeInIndex = 0; path = imageSwipe.app; sourceTree = BUILT_PRODUCTS_DIR; };
		12BD18A226311F0E00DEA1CB /* AppDelegate.swift */ = {isa = PBXFileReference; lastKnownFileType = sourcecode.swift; path = AppDelegate.swift; sourceTree = "<group>"; };
		12BD18A426311F0E00DEA1CB /* SceneDelegate.swift */ = {isa = PBXFileReference; lastKnownFileType = sourcecode.swift; path = SceneDelegate.swift; sourceTree = "<group>"; };
		12BD18A626311F0E00DEA1CB /* ViewController.swift */ = {isa = PBXFileReference; lastKnownFileType = sourcecode.swift; path = ViewController.swift; sourceTree = "<group>"; };
		12BD18A926311F0E00DEA1CB /* Base */ = {isa = PBXFileReference; lastKnownFileType = file.storyboard; name = Base; path = Base.lproj/Main.storyboard; sourceTree = "<group>"; };
		12BD18AB26311F0F00DEA1CB /* Assets.xcassets */ = {isa = PBXFileReference; lastKnownFileType = folder.assetcatalog; path = Assets.xcassets; sourceTree = "<group>"; };
		12BD18AE26311F0F00DEA1CB /* Base */ = {isa = PBXFileReference; lastKnownFileType = file.storyboard; name = Base; path = Base.lproj/LaunchScreen.storyboard; sourceTree = "<group>"; };
		12BD18B026311F0F00DEA1CB /* Info.plist */ = {isa = PBXFileReference; lastKnownFileType = text.plist.xml; path = Info.plist; sourceTree = "<group>"; };
		12BD18BE26312C9800DEA1CB /* pickerview.app */ = {isa = PBXFileReference; explicitFileType = wrapper.application; includeInIndex = 0; path = pickerview.app; sourceTree = BUILT_PRODUCTS_DIR; };
		12BD18C026312C9800DEA1CB /* AppDelegate.swift */ = {isa = PBXFileReference; lastKnownFileType = sourcecode.swift; path = AppDelegate.swift; sourceTree = "<group>"; };
		12BD18C226312C9800DEA1CB /* SceneDelegate.swift */ = {isa = PBXFileReference; lastKnownFileType = sourcecode.swift; path = SceneDelegate.swift; sourceTree = "<group>"; };
		12BD18C426312C9800DEA1CB /* ViewController.swift */ = {isa = PBXFileReference; lastKnownFileType = sourcecode.swift; path = ViewController.swift; sourceTree = "<group>"; };
		12BD18C726312C9800DEA1CB /* Base */ = {isa = PBXFileReference; lastKnownFileType = file.storyboard; name = Base; path = Base.lproj/Main.storyboard; sourceTree = "<group>"; };
		12BD18C926312C9900DEA1CB /* Assets.xcassets */ = {isa = PBXFileReference; lastKnownFileType = folder.assetcatalog; path = Assets.xcassets; sourceTree = "<group>"; };
		12BD18CC26312C9900DEA1CB /* Base */ = {isa = PBXFileReference; lastKnownFileType = file.storyboard; name = Base; path = Base.lproj/LaunchScreen.storyboard; sourceTree = "<group>"; };
		12BD18CE26312C9900DEA1CB /* Info.plist */ = {isa = PBXFileReference; lastKnownFileType = text.plist.xml; path = Info.plist; sourceTree = "<group>"; };
		12BD18DD2631537300DEA1CB /* notification.app */ = {isa = PBXFileReference; explicitFileType = wrapper.application; includeInIndex = 0; path = notification.app; sourceTree = BUILT_PRODUCTS_DIR; };
		12BD18DF2631537300DEA1CB /* AppDelegate.swift */ = {isa = PBXFileReference; lastKnownFileType = sourcecode.swift; path = AppDelegate.swift; sourceTree = "<group>"; };
		12BD18E12631537300DEA1CB /* SceneDelegate.swift */ = {isa = PBXFileReference; lastKnownFileType = sourcecode.swift; path = SceneDelegate.swift; sourceTree = "<group>"; };
		12BD18E32631537300DEA1CB /* ViewController.swift */ = {isa = PBXFileReference; lastKnownFileType = sourcecode.swift; path = ViewController.swift; sourceTree = "<group>"; };
		12BD18E62631537300DEA1CB /* Base */ = {isa = PBXFileReference; lastKnownFileType = file.storyboard; name = Base; path = Base.lproj/Main.storyboard; sourceTree = "<group>"; };
		12BD18E82631537400DEA1CB /* Assets.xcassets */ = {isa = PBXFileReference; lastKnownFileType = folder.assetcatalog; path = Assets.xcassets; sourceTree = "<group>"; };
		12BD18EB2631537400DEA1CB /* Base */ = {isa = PBXFileReference; lastKnownFileType = file.storyboard; name = Base; path = Base.lproj/LaunchScreen.storyboard; sourceTree = "<group>"; };
		12BD18ED2631537400DEA1CB /* Info.plist */ = {isa = PBXFileReference; lastKnownFileType = text.plist.xml; path = Info.plist; sourceTree = "<group>"; };
/* End PBXFileReference section */

/* Begin PBXFrameworksBuildPhase section */
		1258D437262FAF4A00E251A7 /* Frameworks */ = {
			isa = PBXFrameworksBuildPhase;
			buildActionMask = 2147483647;
			files = (
			);
			runOnlyForDeploymentPostprocessing = 0;
		};
		1258D453262FD12100E251A7 /* Frameworks */ = {
			isa = PBXFrameworksBuildPhase;
			buildActionMask = 2147483647;
			files = (
			);
			runOnlyForDeploymentPostprocessing = 0;
		};
		1291301A2630163300AB8A3C /* Frameworks */ = {
			isa = PBXFrameworksBuildPhase;
			buildActionMask = 2147483647;
			files = (
			);
			runOnlyForDeploymentPostprocessing = 0;
		};
		12BD1864263100CD00DEA1CB /* Frameworks */ = {
			isa = PBXFrameworksBuildPhase;
			buildActionMask = 2147483647;
			files = (
			);
			runOnlyForDeploymentPostprocessing = 0;
		};
		12BD1880263111F200DEA1CB /* Frameworks */ = {
			isa = PBXFrameworksBuildPhase;
			buildActionMask = 2147483647;
			files = (
			);
			runOnlyForDeploymentPostprocessing = 0;
		};
		12BD189D26311F0E00DEA1CB /* Frameworks */ = {
			isa = PBXFrameworksBuildPhase;
			buildActionMask = 2147483647;
			files = (
			);
			runOnlyForDeploymentPostprocessing = 0;
		};
		12BD18BB26312C9800DEA1CB /* Frameworks */ = {
			isa = PBXFrameworksBuildPhase;
			buildActionMask = 2147483647;
			files = (
			);
			runOnlyForDeploymentPostprocessing = 0;
		};
		12BD18DA2631537300DEA1CB /* Frameworks */ = {
			isa = PBXFrameworksBuildPhase;
			buildActionMask = 2147483647;
			files = (
			);
			runOnlyForDeploymentPostprocessing = 0;
		};
/* End PBXFrameworksBuildPhase section */

/* Begin PBXGroup section */
		1258D431262FAF4A00E251A7 = {
			isa = PBXGroup;
			children = (
				1258D43C262FAF4B00E251A7 /* iOSProject */,
				1258D457262FD12100E251A7 /* controltest */,
				1291301E2630163300AB8A3C /* ImageViewAnimation */,
				12BD1868263100CD00DEA1CB /* gesture */,
				12BD1884263111F200DEA1CB /* scrollviewuse */,
				12BD18A126311F0E00DEA1CB /* imageSwipe */,
				12BD18BF26312C9800DEA1CB /* pickerview */,
				12BD18DE2631537300DEA1CB /* notification */,
				1258D43B262FAF4B00E251A7 /* Products */,
			);
			sourceTree = "<group>";
		};
		1258D43B262FAF4B00E251A7 /* Products */ = {
			isa = PBXGroup;
			children = (
				1258D43A262FAF4B00E251A7 /* iOSProject.app */,
				1258D456262FD12100E251A7 /* controltest.app */,
				1291301D2630163300AB8A3C /* ImageViewAnimation.app */,
				12BD1867263100CD00DEA1CB /* gesture.app */,
				12BD1883263111F200DEA1CB /* scrollviewuse.app */,
				12BD18A026311F0E00DEA1CB /* imageSwipe.app */,
				12BD18BE26312C9800DEA1CB /* pickerview.app */,
				12BD18DD2631537300DEA1CB /* notification.app */,
			);
			name = Products;
			sourceTree = "<group>";
		};
		1258D43C262FAF4B00E251A7 /* iOSProject */ = {
			isa = PBXGroup;
			children = (
				1258D43D262FAF4B00E251A7 /* AppDelegate.swift */,
				1258D43F262FAF4B00E251A7 /* SceneDelegate.swift */,
				1258D441262FAF4B00E251A7 /* ViewController.swift */,
				1258D443262FAF4B00E251A7 /* Main.storyboard */,
				1258D446262FAF4C00E251A7 /* Assets.xcassets */,
				1258D448262FAF4C00E251A7 /* LaunchScreen.storyboard */,
				1258D44B262FAF4C00E251A7 /* Info.plist */,
			);
			path = iOSProject;
			sourceTree = "<group>";
		};
		1258D457262FD12100E251A7 /* controltest */ = {
			isa = PBXGroup;
			children = (
				1258D458262FD12100E251A7 /* AppDelegate.swift */,
				1258D45A262FD12100E251A7 /* SceneDelegate.swift */,
				1258D45C262FD12100E251A7 /* ViewController.swift */,
				1258D45E262FD12100E251A7 /* Main.storyboard */,
				1258D461262FD12200E251A7 /* Assets.xcassets */,
				1258D463262FD12200E251A7 /* LaunchScreen.storyboard */,
				1258D466262FD12200E251A7 /* Info.plist */,
			);
			path = controltest;
			sourceTree = "<group>";
		};
		1291301E2630163300AB8A3C /* ImageViewAnimation */ = {
			isa = PBXGroup;
			children = (
				1291301F2630163300AB8A3C /* AppDelegate.swift */,
				129130212630163300AB8A3C /* SceneDelegate.swift */,
				129130232630163300AB8A3C /* ViewController.swift */,
				129130252630163300AB8A3C /* Main.storyboard */,
				129130282630163500AB8A3C /* Assets.xcassets */,
				1291302A2630163500AB8A3C /* LaunchScreen.storyboard */,
				1291302D2630163500AB8A3C /* Info.plist */,
			);
			path = ImageViewAnimation;
			sourceTree = "<group>";
		};
		12BD1868263100CD00DEA1CB /* gesture */ = {
			isa = PBXGroup;
			children = (
				12BD1869263100CD00DEA1CB /* AppDelegate.swift */,
				12BD186B263100CD00DEA1CB /* SceneDelegate.swift */,
				12BD186D263100CD00DEA1CB /* ViewController.swift */,
				12BD186F263100CD00DEA1CB /* Main.storyboard */,
				12BD1872263100CE00DEA1CB /* Assets.xcassets */,
				12BD1874263100CE00DEA1CB /* LaunchScreen.storyboard */,
				12BD1877263100CE00DEA1CB /* Info.plist */,
			);
			path = gesture;
			sourceTree = "<group>";
		};
		12BD1884263111F200DEA1CB /* scrollviewuse */ = {
			isa = PBXGroup;
			children = (
				12BD1885263111F200DEA1CB /* AppDelegate.swift */,
				12BD1887263111F200DEA1CB /* SceneDelegate.swift */,
				12BD1889263111F200DEA1CB /* ViewController.swift */,
				12BD188B263111F200DEA1CB /* Main.storyboard */,
				12BD188E263111F300DEA1CB /* Assets.xcassets */,
				12BD1890263111F300DEA1CB /* LaunchScreen.storyboard */,
				12BD1893263111F300DEA1CB /* Info.plist */,
			);
			path = scrollviewuse;
			sourceTree = "<group>";
		};
		12BD18A126311F0E00DEA1CB /* imageSwipe */ = {
			isa = PBXGroup;
			children = (
				12BD18A226311F0E00DEA1CB /* AppDelegate.swift */,
				12BD18A426311F0E00DEA1CB /* SceneDelegate.swift */,
				12BD18A626311F0E00DEA1CB /* ViewController.swift */,
				12BD18A826311F0E00DEA1CB /* Main.storyboard */,
				12BD18AB26311F0F00DEA1CB /* Assets.xcassets */,
				12BD18AD26311F0F00DEA1CB /* LaunchScreen.storyboard */,
				12BD18B026311F0F00DEA1CB /* Info.plist */,
			);
			path = imageSwipe;
			sourceTree = "<group>";
		};
		12BD18BF26312C9800DEA1CB /* pickerview */ = {
			isa = PBXGroup;
			children = (
				12BD18C026312C9800DEA1CB /* AppDelegate.swift */,
				12BD18C226312C9800DEA1CB /* SceneDelegate.swift */,
				12BD18C426312C9800DEA1CB /* ViewController.swift */,
				12BD18C626312C9800DEA1CB /* Main.storyboard */,
				12BD18C926312C9900DEA1CB /* Assets.xcassets */,
				12BD18CB26312C9900DEA1CB /* LaunchScreen.storyboard */,
				12BD18CE26312C9900DEA1CB /* Info.plist */,
			);
			path = pickerview;
			sourceTree = "<group>";
		};
		12BD18DE2631537300DEA1CB /* notification */ = {
			isa = PBXGroup;
			children = (
				12BD18DF2631537300DEA1CB /* AppDelegate.swift */,
				12BD18E12631537300DEA1CB /* SceneDelegate.swift */,
				12BD18E32631537300DEA1CB /* ViewController.swift */,
				12BD18E52631537300DEA1CB /* Main.storyboard */,
				12BD18E82631537400DEA1CB /* Assets.xcassets */,
				12BD18EA2631537400DEA1CB /* LaunchScreen.storyboard */,
				12BD18ED2631537400DEA1CB /* Info.plist */,
			);
			path = notification;
			sourceTree = "<group>";
		};
/* End PBXGroup section */

/* Begin PBXNativeTarget section */
		1258D439262FAF4A00E251A7 /* iOSProject */ = {
			isa = PBXNativeTarget;
			buildConfigurationList = 1258D44E262FAF4C00E251A7 /* Build configuration list for PBXNativeTarget "iOSProject" */;
			buildPhases = (
				1258D436262FAF4A00E251A7 /* Sources */,
				1258D437262FAF4A00E251A7 /* Frameworks */,
				1258D438262FAF4A00E251A7 /* Resources */,
			);
			buildRules = (
			);
			dependencies = (
			);
			name = iOSProject;
			productName = iOSProject;
			productReference = 1258D43A262FAF4B00E251A7 /* iOSProject.app */;
			productType = "com.apple.product-type.application";
		};
		1258D455262FD12100E251A7 /* controltest */ = {
			isa = PBXNativeTarget;
			buildConfigurationList = 1258D467262FD12200E251A7 /* Build configuration list for PBXNativeTarget "controltest" */;
			buildPhases = (
				1258D452262FD12100E251A7 /* Sources */,
				1258D453262FD12100E251A7 /* Frameworks */,
				1258D454262FD12100E251A7 /* Resources */,
			);
			buildRules = (
			);
			dependencies = (
			);
			name = controltest;
			productName = controltest;
			productReference = 1258D456262FD12100E251A7 /* controltest.app */;
			productType = "com.apple.product-type.application";
		};
		1291301C2630163300AB8A3C /* ImageViewAnimation */ = {
			isa = PBXNativeTarget;
			buildConfigurationList = 129130302630163500AB8A3C /* Build configuration list for PBXNativeTarget "ImageViewAnimation" */;
			buildPhases = (
				129130192630163300AB8A3C /* Sources */,
				1291301A2630163300AB8A3C /* Frameworks */,
				1291301B2630163300AB8A3C /* Resources */,
			);
			buildRules = (
			);
			dependencies = (
			);
			name = ImageViewAnimation;
			productName = ImageViewAnimation;
			productReference = 1291301D2630163300AB8A3C /* ImageViewAnimation.app */;
			productType = "com.apple.product-type.application";
		};
		12BD1866263100CD00DEA1CB /* gesture */ = {
			isa = PBXNativeTarget;
			buildConfigurationList = 12BD187A263100CE00DEA1CB /* Build configuration list for PBXNativeTarget "gesture" */;
			buildPhases = (
				12BD1863263100CD00DEA1CB /* Sources */,
				12BD1864263100CD00DEA1CB /* Frameworks */,
				12BD1865263100CD00DEA1CB /* Resources */,
			);
			buildRules = (
			);
			dependencies = (
			);
			name = gesture;
			productName = gesture;
			productReference = 12BD1867263100CD00DEA1CB /* gesture.app */;
			productType = "com.apple.product-type.application";
		};
		12BD1882263111F200DEA1CB /* scrollviewuse */ = {
			isa = PBXNativeTarget;
			buildConfigurationList = 12BD1894263111F300DEA1CB /* Build configuration list for PBXNativeTarget "scrollviewuse" */;
			buildPhases = (
				12BD187F263111F200DEA1CB /* Sources */,
				12BD1880263111F200DEA1CB /* Frameworks */,
				12BD1881263111F200DEA1CB /* Resources */,
			);
			buildRules = (
			);
			dependencies = (
			);
			name = scrollviewuse;
			productName = scrollviewuse;
			productReference = 12BD1883263111F200DEA1CB /* scrollviewuse.app */;
			productType = "com.apple.product-type.application";
		};
		12BD189F26311F0E00DEA1CB /* imageSwipe */ = {
			isa = PBXNativeTarget;
			buildConfigurationList = 12BD18B126311F0F00DEA1CB /* Build configuration list for PBXNativeTarget "imageSwipe" */;
			buildPhases = (
				12BD189C26311F0E00DEA1CB /* Sources */,
				12BD189D26311F0E00DEA1CB /* Frameworks */,
				12BD189E26311F0E00DEA1CB /* Resources */,
			);
			buildRules = (
			);
			dependencies = (
			);
			name = imageSwipe;
			productName = imageSwipe;
			productReference = 12BD18A026311F0E00DEA1CB /* imageSwipe.app */;
			productType = "com.apple.product-type.application";
		};
		12BD18BD26312C9800DEA1CB /* pickerview */ = {
			isa = PBXNativeTarget;
			buildConfigurationList = 12BD18CF26312C9900DEA1CB /* Build configuration list for PBXNativeTarget "pickerview" */;
			buildPhases = (
				12BD18BA26312C9800DEA1CB /* Sources */,
				12BD18BB26312C9800DEA1CB /* Frameworks */,
				12BD18BC26312C9800DEA1CB /* Resources */,
			);
			buildRules = (
			);
			dependencies = (
			);
			name = pickerview;
			productName = pickerview;
			productReference = 12BD18BE26312C9800DEA1CB /* pickerview.app */;
			productType = "com.apple.product-type.application";
		};
		12BD18DC2631537300DEA1CB /* notification */ = {
			isa = PBXNativeTarget;
			buildConfigurationList = 12BD18EE2631537400DEA1CB /* Build configuration list for PBXNativeTarget "notification" */;
			buildPhases = (
				12BD18D92631537300DEA1CB /* Sources */,
				12BD18DA2631537300DEA1CB /* Frameworks */,
				12BD18DB2631537300DEA1CB /* Resources */,
			);
			buildRules = (
			);
			dependencies = (
			);
			name = notification;
			productName = notification;
			productReference = 12BD18DD2631537300DEA1CB /* notification.app */;
			productType = "com.apple.product-type.application";
		};
/* End PBXNativeTarget section */

/* Begin PBXProject section */
		1258D432262FAF4A00E251A7 /* Project object */ = {
			isa = PBXProject;
			attributes = {
				LastSwiftUpdateCheck = 1240;
				LastUpgradeCheck = 1240;
				TargetAttributes = {
					1258D439262FAF4A00E251A7 = {
						CreatedOnToolsVersion = 12.4;
					};
					1258D455262FD12100E251A7 = {
						CreatedOnToolsVersion = 12.4;
					};
					1291301C2630163300AB8A3C = {
						CreatedOnToolsVersion = 12.4;
					};
					12BD1866263100CD00DEA1CB = {
						CreatedOnToolsVersion = 12.4;
					};
					12BD1882263111F200DEA1CB = {
						CreatedOnToolsVersion = 12.4;
					};
					12BD189F26311F0E00DEA1CB = {
						CreatedOnToolsVersion = 12.4;
					};
					12BD18BD26312C9800DEA1CB = {
						CreatedOnToolsVersion = 12.4;
					};
					12BD18DC2631537300DEA1CB = {
						CreatedOnToolsVersion = 12.4;
					};
				};
			};
			buildConfigurationList = 1258D435262FAF4A00E251A7 /* Build configuration list for PBXProject "iOSProject" */;
			compatibilityVersion = "Xcode 9.3";
			developmentRegion = en;
			hasScannedForEncodings = 0;
			knownRegions = (
				en,
				Base,
			);
			mainGroup = 1258D431262FAF4A00E251A7;
			productRefGroup = 1258D43B262FAF4B00E251A7 /* Products */;
			projectDirPath = "";
			projectRoot = "";
			targets = (
				1258D439262FAF4A00E251A7 /* iOSProject */,
				1258D455262FD12100E251A7 /* controltest */,
				1291301C2630163300AB8A3C /* ImageViewAnimation */,
				12BD1866263100CD00DEA1CB /* gesture */,
				12BD1882263111F200DEA1CB /* scrollviewuse */,
				12BD189F26311F0E00DEA1CB /* imageSwipe */,
				12BD18BD26312C9800DEA1CB /* pickerview */,
				12BD18DC2631537300DEA1CB /* notification */,
			);
		};
/* End PBXProject section */

/* Begin PBXResourcesBuildPhase section */
		1258D438262FAF4A00E251A7 /* Resources */ = {
			isa = PBXResourcesBuildPhase;
			buildActionMask = 2147483647;
			files = (
				1258D44A262FAF4C00E251A7 /* LaunchScreen.storyboard in Resources */,
				1258D447262FAF4C00E251A7 /* Assets.xcassets in Resources */,
				1258D445262FAF4B00E251A7 /* Main.storyboard in Resources */,
			);
			runOnlyForDeploymentPostprocessing = 0;
		};
		1258D454262FD12100E251A7 /* Resources */ = {
			isa = PBXResourcesBuildPhase;
			buildActionMask = 2147483647;
			files = (
				1258D465262FD12200E251A7 /* LaunchScreen.storyboard in Resources */,
				1258D462262FD12200E251A7 /* Assets.xcassets in Resources */,
				1258D460262FD12100E251A7 /* Main.storyboard in Resources */,
			);
			runOnlyForDeploymentPostprocessing = 0;
		};
		1291301B2630163300AB8A3C /* Resources */ = {
			isa = PBXResourcesBuildPhase;
			buildActionMask = 2147483647;
			files = (
				1291302C2630163500AB8A3C /* LaunchScreen.storyboard in Resources */,
				129130292630163500AB8A3C /* Assets.xcassets in Resources */,
				129130272630163300AB8A3C /* Main.storyboard in Resources */,
			);
			runOnlyForDeploymentPostprocessing = 0;
		};
		12BD1865263100CD00DEA1CB /* Resources */ = {
			isa = PBXResourcesBuildPhase;
			buildActionMask = 2147483647;
			files = (
				12BD1876263100CE00DEA1CB /* LaunchScreen.storyboard in Resources */,
				12BD1873263100CE00DEA1CB /* Assets.xcassets in Resources */,
				12BD1871263100CD00DEA1CB /* Main.storyboard in Resources */,
			);
			runOnlyForDeploymentPostprocessing = 0;
		};
		12BD1881263111F200DEA1CB /* Resources */ = {
			isa = PBXResourcesBuildPhase;
			buildActionMask = 2147483647;
			files = (
				12BD1892263111F300DEA1CB /* LaunchScreen.storyboard in Resources */,
				12BD188F263111F300DEA1CB /* Assets.xcassets in Resources */,
				12BD188D263111F200DEA1CB /* Main.storyboard in Resources */,
			);
			runOnlyForDeploymentPostprocessing = 0;
		};
		12BD189E26311F0E00DEA1CB /* Resources */ = {
			isa = PBXResourcesBuildPhase;
			buildActionMask = 2147483647;
			files = (
				12BD18AF26311F0F00DEA1CB /* LaunchScreen.storyboard in Resources */,
				12BD18AC26311F0F00DEA1CB /* Assets.xcassets in Resources */,
				12BD18AA26311F0E00DEA1CB /* Main.storyboard in Resources */,
			);
			runOnlyForDeploymentPostprocessing = 0;
		};
		12BD18BC26312C9800DEA1CB /* Resources */ = {
			isa = PBXResourcesBuildPhase;
			buildActionMask = 2147483647;
			files = (
				12BD18CD26312C9900DEA1CB /* LaunchScreen.storyboard in Resources */,
				12BD18CA26312C9900DEA1CB /* Assets.xcassets in Resources */,
				12BD18C826312C9800DEA1CB /* Main.storyboard in Resources */,
			);
			runOnlyForDeploymentPostprocessing = 0;
		};
		12BD18DB2631537300DEA1CB /* Resources */ = {
			isa = PBXResourcesBuildPhase;
			buildActionMask = 2147483647;
			files = (
				12BD18EC2631537400DEA1CB /* LaunchScreen.storyboard in Resources */,
				12BD18E92631537400DEA1CB /* Assets.xcassets in Resources */,
				12BD18E72631537300DEA1CB /* Main.storyboard in Resources */,
			);
			runOnlyForDeploymentPostprocessing = 0;
		};
/* End PBXResourcesBuildPhase section */

/* Begin PBXSourcesBuildPhase section */
		1258D436262FAF4A00E251A7 /* Sources */ = {
			isa = PBXSourcesBuildPhase;
			buildActionMask = 2147483647;
			files = (
				1258D442262FAF4B00E251A7 /* ViewController.swift in Sources */,
				1258D43E262FAF4B00E251A7 /* AppDelegate.swift in Sources */,
				1258D440262FAF4B00E251A7 /* SceneDelegate.swift in Sources */,
			);
			runOnlyForDeploymentPostprocessing = 0;
		};
		1258D452262FD12100E251A7 /* Sources */ = {
			isa = PBXSourcesBuildPhase;
			buildActionMask = 2147483647;
			files = (
				1258D45D262FD12100E251A7 /* ViewController.swift in Sources */,
				1258D459262FD12100E251A7 /* AppDelegate.swift in Sources */,
				1258D45B262FD12100E251A7 /* SceneDelegate.swift in Sources */,
			);
			runOnlyForDeploymentPostprocessing = 0;
		};
		129130192630163300AB8A3C /* Sources */ = {
			isa = PBXSourcesBuildPhase;
			buildActionMask = 2147483647;
			files = (
				129130242630163300AB8A3C /* ViewController.swift in Sources */,
				129130202630163300AB8A3C /* AppDelegate.swift in Sources */,
				129130222630163300AB8A3C /* SceneDelegate.swift in Sources */,
			);
			runOnlyForDeploymentPostprocessing = 0;
		};
		12BD1863263100CD00DEA1CB /* Sources */ = {
			isa = PBXSourcesBuildPhase;
			buildActionMask = 2147483647;
			files = (
				12BD186E263100CD00DEA1CB /* ViewController.swift in Sources */,
				12BD186A263100CD00DEA1CB /* AppDelegate.swift in Sources */,
				12BD186C263100CD00DEA1CB /* SceneDelegate.swift in Sources */,
			);
			runOnlyForDeploymentPostprocessing = 0;
		};
		12BD187F263111F200DEA1CB /* Sources */ = {
			isa = PBXSourcesBuildPhase;
			buildActionMask = 2147483647;
			files = (
				12BD188A263111F200DEA1CB /* ViewController.swift in Sources */,
				12BD1886263111F200DEA1CB /* AppDelegate.swift in Sources */,
				12BD1888263111F200DEA1CB /* SceneDelegate.swift in Sources */,
			);
			runOnlyForDeploymentPostprocessing = 0;
		};
		12BD189C26311F0E00DEA1CB /* Sources */ = {
			isa = PBXSourcesBuildPhase;
			buildActionMask = 2147483647;
			files = (
				12BD18A726311F0E00DEA1CB /* ViewController.swift in Sources */,
				12BD18A326311F0E00DEA1CB /* AppDelegate.swift in Sources */,
				12BD18A526311F0E00DEA1CB /* SceneDelegate.swift in Sources */,
			);
			runOnlyForDeploymentPostprocessing = 0;
		};
		12BD18BA26312C9800DEA1CB /* Sources */ = {
			isa = PBXSourcesBuildPhase;
			buildActionMask = 2147483647;
			files = (
				12BD18C526312C9800DEA1CB /* ViewController.swift in Sources */,
				12BD18C126312C9800DEA1CB /* AppDelegate.swift in Sources */,
				12BD18C326312C9800DEA1CB /* SceneDelegate.swift in Sources */,
			);
			runOnlyForDeploymentPostprocessing = 0;
		};
		12BD18D92631537300DEA1CB /* Sources */ = {
			isa = PBXSourcesBuildPhase;
			buildActionMask = 2147483647;
			files = (
				12BD18E42631537300DEA1CB /* ViewController.swift in Sources */,
				12BD18E02631537300DEA1CB /* AppDelegate.swift in Sources */,
				12BD18E22631537300DEA1CB /* SceneDelegate.swift in Sources */,
			);
			runOnlyForDeploymentPostprocessing = 0;
		};
/* End PBXSourcesBuildPhase section */

/* Begin PBXVariantGroup section */
		1258D443262FAF4B00E251A7 /* Main.storyboard */ = {
			isa = PBXVariantGroup;
			children = (
				1258D444262FAF4B00E251A7 /* Base */,
			);
			name = Main.storyboard;
			sourceTree = "<group>";
		};
		1258D448262FAF4C00E251A7 /* LaunchScreen.storyboard */ = {
			isa = PBXVariantGroup;
			children = (
				1258D449262FAF4C00E251A7 /* Base */,
			);
			name = LaunchScreen.storyboard;
			sourceTree = "<group>";
		};
		1258D45E262FD12100E251A7 /* Main.storyboard */ = {
			isa = PBXVariantGroup;
			children = (
				1258D45F262FD12100E251A7 /* Base */,
			);
			name = Main.storyboard;
			sourceTree = "<group>";
		};
		1258D463262FD12200E251A7 /* LaunchScreen.storyboard */ = {
			isa = PBXVariantGroup;
			children = (
				1258D464262FD12200E251A7 /* Base */,
			);
			name = LaunchScreen.storyboard;
			sourceTree = "<group>";
		};
		129130252630163300AB8A3C /* Main.storyboard */ = {
			isa = PBXVariantGroup;
			children = (
				129130262630163300AB8A3C /* Base */,
			);
			name = Main.storyboard;
			sourceTree = "<group>";
		};
		1291302A2630163500AB8A3C /* LaunchScreen.storyboard */ = {
			isa = PBXVariantGroup;
			children = (
				1291302B2630163500AB8A3C /* Base */,
			);
			name = LaunchScreen.storyboard;
			sourceTree = "<group>";
		};
		12BD186F263100CD00DEA1CB /* Main.storyboard */ = {
			isa = PBXVariantGroup;
			children = (
				12BD1870263100CD00DEA1CB /* Base */,
			);
			name = Main.storyboard;
			sourceTree = "<group>";
		};
		12BD1874263100CE00DEA1CB /* LaunchScreen.storyboard */ = {
			isa = PBXVariantGroup;
			children = (
				12BD1875263100CE00DEA1CB /* Base */,
			);
			name = LaunchScreen.storyboard;
			sourceTree = "<group>";
		};
		12BD188B263111F200DEA1CB /* Main.storyboard */ = {
			isa = PBXVariantGroup;
			children = (
				12BD188C263111F200DEA1CB /* Base */,
			);
			name = Main.storyboard;
			sourceTree = "<group>";
		};
		12BD1890263111F300DEA1CB /* LaunchScreen.storyboard */ = {
			isa = PBXVariantGroup;
			children = (
				12BD1891263111F300DEA1CB /* Base */,
			);
			name = LaunchScreen.storyboard;
			sourceTree = "<group>";
		};
		12BD18A826311F0E00DEA1CB /* Main.storyboard */ = {
			isa = PBXVariantGroup;
			children = (
				12BD18A926311F0E00DEA1CB /* Base */,
			);
			name = Main.storyboard;
			sourceTree = "<group>";
		};
		12BD18AD26311F0F00DEA1CB /* LaunchScreen.storyboard */ = {
			isa = PBXVariantGroup;
			children = (
				12BD18AE26311F0F00DEA1CB /* Base */,
			);
			name = LaunchScreen.storyboard;
			sourceTree = "<group>";
		};
		12BD18C626312C9800DEA1CB /* Main.storyboard */ = {
			isa = PBXVariantGroup;
			children = (
				12BD18C726312C9800DEA1CB /* Base */,
			);
			name = Main.storyboard;
			sourceTree = "<group>";
		};
		12BD18CB26312C9900DEA1CB /* LaunchScreen.storyboard */ = {
			isa = PBXVariantGroup;
			children = (
				12BD18CC26312C9900DEA1CB /* Base */,
			);
			name = LaunchScreen.storyboard;
			sourceTree = "<group>";
		};
		12BD18E52631537300DEA1CB /* Main.storyboard */ = {
			isa = PBXVariantGroup;
			children = (
				12BD18E62631537300DEA1CB /* Base */,
			);
			name = Main.storyboard;
			sourceTree = "<group>";
		};
		12BD18EA2631537400DEA1CB /* LaunchScreen.storyboard */ = {
			isa = PBXVariantGroup;
			children = (
				12BD18EB2631537400DEA1CB /* Base */,
			);
			name = LaunchScreen.storyboard;
			sourceTree = "<group>";
		};
/* End PBXVariantGroup section */

/* Begin XCBuildConfiguration section */
		1258D44C262FAF4C00E251A7 /* Debug */ = {
			isa = XCBuildConfiguration;
			buildSettings = {
				ALWAYS_SEARCH_USER_PATHS = NO;
				CLANG_ANALYZER_NONNULL = YES;
				CLANG_ANALYZER_NUMBER_OBJECT_CONVERSION = YES_AGGRESSIVE;
				CLANG_CXX_LANGUAGE_STANDARD = "gnu++14";
				CLANG_CXX_LIBRARY = "libc++";
				CLANG_ENABLE_MODULES = YES;
				CLANG_ENABLE_OBJC_ARC = YES;
				CLANG_ENABLE_OBJC_WEAK = YES;
				CLANG_WARN_BLOCK_CAPTURE_AUTORELEASING = YES;
				CLANG_WARN_BOOL_CONVERSION = YES;
				CLANG_WARN_COMMA = YES;
				CLANG_WARN_CONSTANT_CONVERSION = YES;
				CLANG_WARN_DEPRECATED_OBJC_IMPLEMENTATIONS = YES;
				CLANG_WARN_DIRECT_OBJC_ISA_USAGE = YES_ERROR;
				CLANG_WARN_DOCUMENTATION_COMMENTS = YES;
				CLANG_WARN_EMPTY_BODY = YES;
				CLANG_WARN_ENUM_CONVERSION = YES;
				CLANG_WARN_INFINITE_RECURSION = YES;
				CLANG_WARN_INT_CONVERSION = YES;
				CLANG_WARN_NON_LITERAL_NULL_CONVERSION = YES;
				CLANG_WARN_OBJC_IMPLICIT_RETAIN_SELF = YES;
				CLANG_WARN_OBJC_LITERAL_CONVERSION = YES;
				CLANG_WARN_OBJC_ROOT_CLASS = YES_ERROR;
				CLANG_WARN_QUOTED_INCLUDE_IN_FRAMEWORK_HEADER = YES;
				CLANG_WARN_RANGE_LOOP_ANALYSIS = YES;
				CLANG_WARN_STRICT_PROTOTYPES = YES;
				CLANG_WARN_SUSPICIOUS_MOVE = YES;
				CLANG_WARN_UNGUARDED_AVAILABILITY = YES_AGGRESSIVE;
				CLANG_WARN_UNREACHABLE_CODE = YES;
				CLANG_WARN__DUPLICATE_METHOD_MATCH = YES;
				COPY_PHASE_STRIP = NO;
				DEBUG_INFORMATION_FORMAT = dwarf;
				ENABLE_STRICT_OBJC_MSGSEND = YES;
				ENABLE_TESTABILITY = YES;
				GCC_C_LANGUAGE_STANDARD = gnu11;
				GCC_DYNAMIC_NO_PIC = NO;
				GCC_NO_COMMON_BLOCKS = YES;
				GCC_OPTIMIZATION_LEVEL = 0;
				GCC_PREPROCESSOR_DEFINITIONS = (
					"DEBUG=1",
					"$(inherited)",
				);
				GCC_WARN_64_TO_32_BIT_CONVERSION = YES;
				GCC_WARN_ABOUT_RETURN_TYPE = YES_ERROR;
				GCC_WARN_UNDECLARED_SELECTOR = YES;
				GCC_WARN_UNINITIALIZED_AUTOS = YES_AGGRESSIVE;
				GCC_WARN_UNUSED_FUNCTION = YES;
				GCC_WARN_UNUSED_VARIABLE = YES;
				IPHONEOS_DEPLOYMENT_TARGET = 14.4;
				MTL_ENABLE_DEBUG_INFO = INCLUDE_SOURCE;
				MTL_FAST_MATH = YES;
				ONLY_ACTIVE_ARCH = YES;
				SDKROOT = iphoneos;
				SWIFT_ACTIVE_COMPILATION_CONDITIONS = DEBUG;
				SWIFT_OPTIMIZATION_LEVEL = "-Onone";
			};
			name = Debug;
		};
		1258D44D262FAF4C00E251A7 /* Release */ = {
			isa = XCBuildConfiguration;
			buildSettings = {
				ALWAYS_SEARCH_USER_PATHS = NO;
				CLANG_ANALYZER_NONNULL = YES;
				CLANG_ANALYZER_NUMBER_OBJECT_CONVERSION = YES_AGGRESSIVE;
				CLANG_CXX_LANGUAGE_STANDARD = "gnu++14";
				CLANG_CXX_LIBRARY = "libc++";
				CLANG_ENABLE_MODULES = YES;
				CLANG_ENABLE_OBJC_ARC = YES;
				CLANG_ENABLE_OBJC_WEAK = YES;
				CLANG_WARN_BLOCK_CAPTURE_AUTORELEASING = YES;
				CLANG_WARN_BOOL_CONVERSION = YES;
				CLANG_WARN_COMMA = YES;
				CLANG_WARN_CONSTANT_CONVERSION = YES;
				CLANG_WARN_DEPRECATED_OBJC_IMPLEMENTATIONS = YES;
				CLANG_WARN_DIRECT_OBJC_ISA_USAGE = YES_ERROR;
				CLANG_WARN_DOCUMENTATION_COMMENTS = YES;
				CLANG_WARN_EMPTY_BODY = YES;
				CLANG_WARN_ENUM_CONVERSION = YES;
				CLANG_WARN_INFINITE_RECURSION = YES;
				CLANG_WARN_INT_CONVERSION = YES;
				CLANG_WARN_NON_LITERAL_NULL_CONVERSION = YES;
				CLANG_WARN_OBJC_IMPLICIT_RETAIN_SELF = YES;
				CLANG_WARN_OBJC_LITERAL_CONVERSION = YES;
				CLANG_WARN_OBJC_ROOT_CLASS = YES_ERROR;
				CLANG_WARN_QUOTED_INCLUDE_IN_FRAMEWORK_HEADER = YES;
				CLANG_WARN_RANGE_LOOP_ANALYSIS = YES;
				CLANG_WARN_STRICT_PROTOTYPES = YES;
				CLANG_WARN_SUSPICIOUS_MOVE = YES;
				CLANG_WARN_UNGUARDED_AVAILABILITY = YES_AGGRESSIVE;
				CLANG_WARN_UNREACHABLE_CODE = YES;
				CLANG_WARN__DUPLICATE_METHOD_MATCH = YES;
				COPY_PHASE_STRIP = NO;
				DEBUG_INFORMATION_FORMAT = "dwarf-with-dsym";
				ENABLE_NS_ASSERTIONS = NO;
				ENABLE_STRICT_OBJC_MSGSEND = YES;
				GCC_C_LANGUAGE_STANDARD = gnu11;
				GCC_NO_COMMON_BLOCKS = YES;
				GCC_WARN_64_TO_32_BIT_CONVERSION = YES;
				GCC_WARN_ABOUT_RETURN_TYPE = YES_ERROR;
				GCC_WARN_UNDECLARED_SELECTOR = YES;
				GCC_WARN_UNINITIALIZED_AUTOS = YES_AGGRESSIVE;
				GCC_WARN_UNUSED_FUNCTION = YES;
				GCC_WARN_UNUSED_VARIABLE = YES;
				IPHONEOS_DEPLOYMENT_TARGET = 14.4;
				MTL_ENABLE_DEBUG_INFO = NO;
				MTL_FAST_MATH = YES;
				SDKROOT = iphoneos;
				SWIFT_COMPILATION_MODE = wholemodule;
				SWIFT_OPTIMIZATION_LEVEL = "-O";
				VALIDATE_PRODUCT = YES;
			};
			name = Release;
		};
		1258D44F262FAF4C00E251A7 /* Debug */ = {
			isa = XCBuildConfiguration;
			buildSettings = {
				ASSETCATALOG_COMPILER_APPICON_NAME = AppIcon;
				ASSETCATALOG_COMPILER_GLOBAL_ACCENT_COLOR_NAME = AccentColor;
				CODE_SIGN_STYLE = Automatic;
				INFOPLIST_FILE = iOSProject/Info.plist;
				LD_RUNPATH_SEARCH_PATHS = (
					"$(inherited)",
					"@executable_path/Frameworks",
				);
				PRODUCT_BUNDLE_IDENTIFIER = com.min.iOSProject;
				PRODUCT_NAME = "$(TARGET_NAME)";
				SWIFT_VERSION = 5.0;
				TARGETED_DEVICE_FAMILY = "1,2";
			};
			name = Debug;
		};
		1258D450262FAF4C00E251A7 /* Release */ = {
			isa = XCBuildConfiguration;
			buildSettings = {
				ASSETCATALOG_COMPILER_APPICON_NAME = AppIcon;
				ASSETCATALOG_COMPILER_GLOBAL_ACCENT_COLOR_NAME = AccentColor;
				CODE_SIGN_STYLE = Automatic;
				INFOPLIST_FILE = iOSProject/Info.plist;
				LD_RUNPATH_SEARCH_PATHS = (
					"$(inherited)",
					"@executable_path/Frameworks",
				);
				PRODUCT_BUNDLE_IDENTIFIER = com.min.iOSProject;
				PRODUCT_NAME = "$(TARGET_NAME)";
				SWIFT_VERSION = 5.0;
				TARGETED_DEVICE_FAMILY = "1,2";
			};
			name = Release;
		};
		1258D468262FD12200E251A7 /* Debug */ = {
			isa = XCBuildConfiguration;
			buildSettings = {
				ASSETCATALOG_COMPILER_APPICON_NAME = AppIcon;
				ASSETCATALOG_COMPILER_GLOBAL_ACCENT_COLOR_NAME = AccentColor;
				CODE_SIGN_STYLE = Automatic;
				INFOPLIST_FILE = controltest/Info.plist;
				LD_RUNPATH_SEARCH_PATHS = (
					"$(inherited)",
					"@executable_path/Frameworks",
				);
				PRODUCT_BUNDLE_IDENTIFIER = com.min.controltest;
				PRODUCT_NAME = "$(TARGET_NAME)";
				SWIFT_VERSION = 5.0;
				TARGETED_DEVICE_FAMILY = "1,2";
			};
			name = Debug;
		};
		1258D469262FD12200E251A7 /* Release */ = {
			isa = XCBuildConfiguration;
			buildSettings = {
				ASSETCATALOG_COMPILER_APPICON_NAME = AppIcon;
				ASSETCATALOG_COMPILER_GLOBAL_ACCENT_COLOR_NAME = AccentColor;
				CODE_SIGN_STYLE = Automatic;
				INFOPLIST_FILE = controltest/Info.plist;
				LD_RUNPATH_SEARCH_PATHS = (
					"$(inherited)",
					"@executable_path/Frameworks",
				);
				PRODUCT_BUNDLE_IDENTIFIER = com.min.controltest;
				PRODUCT_NAME = "$(TARGET_NAME)";
				SWIFT_VERSION = 5.0;
				TARGETED_DEVICE_FAMILY = "1,2";
			};
			name = Release;
		};
		1291302E2630163500AB8A3C /* Debug */ = {
			isa = XCBuildConfiguration;
			buildSettings = {
				ASSETCATALOG_COMPILER_APPICON_NAME = AppIcon;
				ASSETCATALOG_COMPILER_GLOBAL_ACCENT_COLOR_NAME = AccentColor;
				CODE_SIGN_STYLE = Automatic;
				INFOPLIST_FILE = ImageViewAnimation/Info.plist;
				LD_RUNPATH_SEARCH_PATHS = (
					"$(inherited)",
					"@executable_path/Frameworks",
				);
				PRODUCT_BUNDLE_IDENTIFIER = com.min.ImageViewAnimation;
				PRODUCT_NAME = "$(TARGET_NAME)";
				SWIFT_VERSION = 5.0;
				TARGETED_DEVICE_FAMILY = "1,2";
			};
			name = Debug;
		};
		1291302F2630163500AB8A3C /* Release */ = {
			isa = XCBuildConfiguration;
			buildSettings = {
				ASSETCATALOG_COMPILER_APPICON_NAME = AppIcon;
				ASSETCATALOG_COMPILER_GLOBAL_ACCENT_COLOR_NAME = AccentColor;
				CODE_SIGN_STYLE = Automatic;
				INFOPLIST_FILE = ImageViewAnimation/Info.plist;
				LD_RUNPATH_SEARCH_PATHS = (
					"$(inherited)",
					"@executable_path/Frameworks",
				);
				PRODUCT_BUNDLE_IDENTIFIER = com.min.ImageViewAnimation;
				PRODUCT_NAME = "$(TARGET_NAME)";
				SWIFT_VERSION = 5.0;
				TARGETED_DEVICE_FAMILY = "1,2";
			};
			name = Release;
		};
		12BD1878263100CE00DEA1CB /* Debug */ = {
			isa = XCBuildConfiguration;
			buildSettings = {
				ASSETCATALOG_COMPILER_APPICON_NAME = AppIcon;
				ASSETCATALOG_COMPILER_GLOBAL_ACCENT_COLOR_NAME = AccentColor;
				CODE_SIGN_STYLE = Automatic;
				INFOPLIST_FILE = gesture/Info.plist;
				LD_RUNPATH_SEARCH_PATHS = (
					"$(inherited)",
					"@executable_path/Frameworks",
				);
				PRODUCT_BUNDLE_IDENTIFIER = com.min.gesture;
				PRODUCT_NAME = "$(TARGET_NAME)";
				SWIFT_VERSION = 5.0;
				TARGETED_DEVICE_FAMILY = "1,2";
			};
			name = Debug;
		};
		12BD1879263100CE00DEA1CB /* Release */ = {
			isa = XCBuildConfiguration;
			buildSettings = {
				ASSETCATALOG_COMPILER_APPICON_NAME = AppIcon;
				ASSETCATALOG_COMPILER_GLOBAL_ACCENT_COLOR_NAME = AccentColor;
				CODE_SIGN_STYLE = Automatic;
				INFOPLIST_FILE = gesture/Info.plist;
				LD_RUNPATH_SEARCH_PATHS = (
					"$(inherited)",
					"@executable_path/Frameworks",
				);
				PRODUCT_BUNDLE_IDENTIFIER = com.min.gesture;
				PRODUCT_NAME = "$(TARGET_NAME)";
				SWIFT_VERSION = 5.0;
				TARGETED_DEVICE_FAMILY = "1,2";
			};
			name = Release;
		};
		12BD1895263111F300DEA1CB /* Debug */ = {
			isa = XCBuildConfiguration;
			buildSettings = {
				ASSETCATALOG_COMPILER_APPICON_NAME = AppIcon;
				ASSETCATALOG_COMPILER_GLOBAL_ACCENT_COLOR_NAME = AccentColor;
				CODE_SIGN_STYLE = Automatic;
				INFOPLIST_FILE = scrollviewuse/Info.plist;
				LD_RUNPATH_SEARCH_PATHS = (
					"$(inherited)",
					"@executable_path/Frameworks",
				);
				PRODUCT_BUNDLE_IDENTIFIER = com.min.scrollviewuse;
				PRODUCT_NAME = "$(TARGET_NAME)";
				SWIFT_VERSION = 5.0;
				TARGETED_DEVICE_FAMILY = "1,2";
			};
			name = Debug;
		};
		12BD1896263111F300DEA1CB /* Release */ = {
			isa = XCBuildConfiguration;
			buildSettings = {
				ASSETCATALOG_COMPILER_APPICON_NAME = AppIcon;
				ASSETCATALOG_COMPILER_GLOBAL_ACCENT_COLOR_NAME = AccentColor;
				CODE_SIGN_STYLE = Automatic;
				INFOPLIST_FILE = scrollviewuse/Info.plist;
				LD_RUNPATH_SEARCH_PATHS = (
					"$(inherited)",
					"@executable_path/Frameworks",
				);
				PRODUCT_BUNDLE_IDENTIFIER = com.min.scrollviewuse;
				PRODUCT_NAME = "$(TARGET_NAME)";
				SWIFT_VERSION = 5.0;
				TARGETED_DEVICE_FAMILY = "1,2";
			};
			name = Release;
		};
		12BD18B226311F0F00DEA1CB /* Debug */ = {
			isa = XCBuildConfiguration;
			buildSettings = {
				ASSETCATALOG_COMPILER_APPICON_NAME = AppIcon;
				ASSETCATALOG_COMPILER_GLOBAL_ACCENT_COLOR_NAME = AccentColor;
				CODE_SIGN_STYLE = Automatic;
				INFOPLIST_FILE = imageSwipe/Info.plist;
				LD_RUNPATH_SEARCH_PATHS = (
					"$(inherited)",
					"@executable_path/Frameworks",
				);
				PRODUCT_BUNDLE_IDENTIFIER = com.min.imageSwipe;
				PRODUCT_NAME = "$(TARGET_NAME)";
				SWIFT_VERSION = 5.0;
				TARGETED_DEVICE_FAMILY = "1,2";
			};
			name = Debug;
		};
		12BD18B326311F0F00DEA1CB /* Release */ = {
			isa = XCBuildConfiguration;
			buildSettings = {
				ASSETCATALOG_COMPILER_APPICON_NAME = AppIcon;
				ASSETCATALOG_COMPILER_GLOBAL_ACCENT_COLOR_NAME = AccentColor;
				CODE_SIGN_STYLE = Automatic;
				INFOPLIST_FILE = imageSwipe/Info.plist;
				LD_RUNPATH_SEARCH_PATHS = (
					"$(inherited)",
					"@executable_path/Frameworks",
				);
				PRODUCT_BUNDLE_IDENTIFIER = com.min.imageSwipe;
				PRODUCT_NAME = "$(TARGET_NAME)";
				SWIFT_VERSION = 5.0;
				TARGETED_DEVICE_FAMILY = "1,2";
			};
			name = Release;
		};
		12BD18D026312C9900DEA1CB /* Debug */ = {
			isa = XCBuildConfiguration;
			buildSettings = {
				ASSETCATALOG_COMPILER_APPICON_NAME = AppIcon;
				ASSETCATALOG_COMPILER_GLOBAL_ACCENT_COLOR_NAME = AccentColor;
				CODE_SIGN_STYLE = Automatic;
				INFOPLIST_FILE = pickerview/Info.plist;
				LD_RUNPATH_SEARCH_PATHS = (
					"$(inherited)",
					"@executable_path/Frameworks",
				);
				PRODUCT_BUNDLE_IDENTIFIER = com.min.pickerview;
				PRODUCT_NAME = "$(TARGET_NAME)";
				SWIFT_VERSION = 5.0;
				TARGETED_DEVICE_FAMILY = "1,2";
			};
			name = Debug;
		};
		12BD18D126312C9900DEA1CB /* Release */ = {
			isa = XCBuildConfiguration;
			buildSettings = {
				ASSETCATALOG_COMPILER_APPICON_NAME = AppIcon;
				ASSETCATALOG_COMPILER_GLOBAL_ACCENT_COLOR_NAME = AccentColor;
				CODE_SIGN_STYLE = Automatic;
				INFOPLIST_FILE = pickerview/Info.plist;
				LD_RUNPATH_SEARCH_PATHS = (
					"$(inherited)",
					"@executable_path/Frameworks",
				);
				PRODUCT_BUNDLE_IDENTIFIER = com.min.pickerview;
				PRODUCT_NAME = "$(TARGET_NAME)";
				SWIFT_VERSION = 5.0;
				TARGETED_DEVICE_FAMILY = "1,2";
			};
			name = Release;
		};
		12BD18EF2631537400DEA1CB /* Debug */ = {
			isa = XCBuildConfiguration;
			buildSettings = {
				ASSETCATALOG_COMPILER_APPICON_NAME = AppIcon;
				ASSETCATALOG_COMPILER_GLOBAL_ACCENT_COLOR_NAME = AccentColor;
				CODE_SIGN_STYLE = Automatic;
				INFOPLIST_FILE = notification/Info.plist;
				LD_RUNPATH_SEARCH_PATHS = (
					"$(inherited)",
					"@executable_path/Frameworks",
				);
				PRODUCT_BUNDLE_IDENTIFIER = com.min.notification;
				PRODUCT_NAME = "$(TARGET_NAME)";
				SWIFT_VERSION = 5.0;
				TARGETED_DEVICE_FAMILY = "1,2";
			};
			name = Debug;
		};
		12BD18F02631537400DEA1CB /* Release */ = {
			isa = XCBuildConfiguration;
			buildSettings = {
				ASSETCATALOG_COMPILER_APPICON_NAME = AppIcon;
				ASSETCATALOG_COMPILER_GLOBAL_ACCENT_COLOR_NAME = AccentColor;
				CODE_SIGN_STYLE = Automatic;
				INFOPLIST_FILE = notification/Info.plist;
				LD_RUNPATH_SEARCH_PATHS = (
					"$(inherited)",
					"@executable_path/Frameworks",
				);
				PRODUCT_BUNDLE_IDENTIFIER = com.min.notification;
				PRODUCT_NAME = "$(TARGET_NAME)";
				SWIFT_VERSION = 5.0;
				TARGETED_DEVICE_FAMILY = "1,2";
			};
			name = Release;
		};
/* End XCBuildConfiguration section */

/* Begin XCConfigurationList section */
		1258D435262FAF4A00E251A7 /* Build configuration list for PBXProject "iOSProject" */ = {
			isa = XCConfigurationList;
			buildConfigurations = (
				1258D44C262FAF4C00E251A7 /* Debug */,
				1258D44D262FAF4C00E251A7 /* Release */,
			);
			defaultConfigurationIsVisible = 0;
			defaultConfigurationName = Release;
		};
		1258D44E262FAF4C00E251A7 /* Build configuration list for PBXNativeTarget "iOSProject" */ = {
			isa = XCConfigurationList;
			buildConfigurations = (
				1258D44F262FAF4C00E251A7 /* Debug */,
				1258D450262FAF4C00E251A7 /* Release */,
			);
			defaultConfigurationIsVisible = 0;
			defaultConfigurationName = Release;
		};
		1258D467262FD12200E251A7 /* Build configuration list for PBXNativeTarget "controltest" */ = {
			isa = XCConfigurationList;
			buildConfigurations = (
				1258D468262FD12200E251A7 /* Debug */,
				1258D469262FD12200E251A7 /* Release */,
			);
			defaultConfigurationIsVisible = 0;
			defaultConfigurationName = Release;
		};
		129130302630163500AB8A3C /* Build configuration list for PBXNativeTarget "ImageViewAnimation" */ = {
			isa = XCConfigurationList;
			buildConfigurations = (
				1291302E2630163500AB8A3C /* Debug */,
				1291302F2630163500AB8A3C /* Release */,
			);
			defaultConfigurationIsVisible = 0;
			defaultConfigurationName = Release;
		};
		12BD187A263100CE00DEA1CB /* Build configuration list for PBXNativeTarget "gesture" */ = {
			isa = XCConfigurationList;
			buildConfigurations = (
				12BD1878263100CE00DEA1CB /* Debug */,
				12BD1879263100CE00DEA1CB /* Release */,
			);
			defaultConfigurationIsVisible = 0;
			defaultConfigurationName = Release;
		};
		12BD1894263111F300DEA1CB /* Build configuration list for PBXNativeTarget "scrollviewuse" */ = {
			isa = XCConfigurationList;
			buildConfigurations = (
				12BD1895263111F300DEA1CB /* Debug */,
				12BD1896263111F300DEA1CB /* Release */,
			);
			defaultConfigurationIsVisible = 0;
			defaultConfigurationName = Release;
		};
		12BD18B126311F0F00DEA1CB /* Build configuration list for PBXNativeTarget "imageSwipe" */ = {
			isa = XCConfigurationList;
			buildConfigurations = (
				12BD18B226311F0F00DEA1CB /* Debug */,
				12BD18B326311F0F00DEA1CB /* Release */,
			);
			defaultConfigurationIsVisible = 0;
			defaultConfigurationName = Release;
		};
		12BD18CF26312C9900DEA1CB /* Build configuration list for PBXNativeTarget "pickerview" */ = {
			isa = XCConfigurationList;
			buildConfigurations = (
				12BD18D026312C9900DEA1CB /* Debug */,
				12BD18D126312C9900DEA1CB /* Release */,
			);
			defaultConfigurationIsVisible = 0;
			defaultConfigurationName = Release;
		};
		12BD18EE2631537400DEA1CB /* Build configuration list for PBXNativeTarget "notification" */ = {
			isa = XCConfigurationList;
			buildConfigurations = (
				12BD18EF2631537400DEA1CB /* Debug */,
				12BD18F02631537400DEA1CB /* Release */,
			);
			defaultConfigurationIsVisible = 0;
			defaultConfigurationName = Release;
		};
/* End XCConfigurationList section */
	};
	rootObject = 1258D432262FAF4A00E251A7 /* Project object */;
}
